
Microsoft Visual Studio Solution File, Format Version 12.00
# Visual Studio Version 17
VisualStudioVersion = 17.10.35122.118
MinimumVisualStudioVersion = 10.0.40219.1
Project("{911E67C6-3D85-4FCE-B560-20A9C3E3FF48}") = "PSweyk", "PSweyk.exe", "{5CE94EC2-DF4F-455D-9D4E-54D623C17080}"
	ProjectSection(DebuggerProjectSystem) = preProject
		PortSupplier = 00000000-0000-0000-0000-000000000000
		Executable = C:\Users\astre\Desktop\MCC_Acont-Dniwore\CC_Acont-Codrige\PSweyk.exe
		RemoteMachine = ASTRE
		StartingDirectory = C:\Users\astre\Desktop\MCC_Acont-Dniwore\CC_Acont-Codrige
		Environment = Padrão
		LaunchingEngine = 00000000-0000-0000-0000-000000000000
		UseLegacyDebugEngines = No
		LaunchSQLEngine = No
		AttachLaunchAction = No
		IORedirection = Auto
	EndProjectSection
EndProject
Global
	GlobalSection(SolutionConfigurationPlatforms) = preSolution
		Release|x86 = Release|x86
	EndGlobalSection
	GlobalSection(ProjectConfigurationPlatforms) = postSolution
		{5CE94EC2-DF4F-455D-9D4E-54D623C17080}.Release|x86.ActiveCfg = Release|x86
	EndGlobalSection
	GlobalSection(SolutionProperties) = preSolution
		HideSolutionNode = FALSE
	EndGlobalSection
	GlobalSection(ExtensibilityGlobals) = postSolution
		SolutionGuid = {CC86FE7F-B320-4671-BD0B-77A2C5341131}
	EndGlobalSection
EndGlobal
